
Microsoft Visual Studio Solution File, Format Version 12.00
# Visual Studio 15
VisualStudioVersion = 15.0.28010.2048
MinimumVisualStudioVersion = 10.0.40219.1
Project("{FAE04EC0-301F-11D3-BF4B-00C04F79EFBC}") = "Stoks", "Stoks\Stoks.csproj", "{CFB13080-9ED8-4D0C-8728-9C3A1A690202}"
EndProject
Global
	GlobalSection(SolutionConfigurationPlatforms) = preSolution
		Debug|Any CPU = Debug|Any CPU
		Release|Any CPU = Release|Any CPU
	EndGlobalSection
	GlobalSection(ProjectConfigurationPlatforms) = postSolution
		{CFB13080-9ED8-4D0C-8728-9C3A1A690202}.Debug|Any CPU.ActiveCfg = Debug|Any CPU
		{CFB13080-9ED8-4D0C-8728-9C3A1A690202}.Debug|Any CPU.Build.0 = Debug|Any CPU
		{CFB13080-9ED8-4D0C-8728-9C3A1A690202}.Release|Any CPU.ActiveCfg = Release|Any CPU
		{CFB13080-9ED8-4D0C-8728-9C3A1A690202}.Release|Any CPU.Build.0 = Release|Any CPU
	EndGlobalSection
	GlobalSection(SolutionProperties) = preSolution
		HideSolutionNode = FALSE
	EndGlobalSection
	GlobalSection(ExtensibilityGlobals) = postSolution
		SolutionGuid = {AB9FA689-6D84-4840-A6C4-7C47C52DA211}
	EndGlobalSection
EndGlobal
